# This file is generated by running "yarn install" inside your project.
# Manual changes might be lost - proceed with caution!

__metadata:
  version: 6
  cacheKey: 8c0

"@faker-js/faker@npm:7.6.0":
  version: 7.6.0
  resolution: "@faker-js/faker@npm:7.6.0"
  checksum: 8f0e0588b1327563aba3bf71d859eb52575c6e34f9d259f63dfa3c3ba7eea910588395399f2531753f1b7b730c06e0ef79336634361b2e69445ed69123e019eb
  languageName: node
  linkType: hard

"@nodelib/fs.scandir@npm:2.1.5":
  version: 2.1.5
  resolution: "@nodelib/fs.scandir@npm:2.1.5"
  dependencies:
    "@nodelib/fs.stat": 2.0.5
    run-parallel: ^1.1.9
  checksum: 732c3b6d1b1e967440e65f284bd06e5821fedf10a1bea9ed2bb75956ea1f30e08c44d3def9d6a230666574edbaf136f8cfd319c14fd1f87c66e6a44449afb2eb
  languageName: node
  linkType: hard

"@nodelib/fs.stat@npm:2.0.5, @nodelib/fs.stat@npm:^2.0.2":
  version: 2.0.5
  resolution: "@nodelib/fs.stat@npm:2.0.5"
  checksum: 88dafe5e3e29a388b07264680dc996c17f4bda48d163a9d4f5c1112979f0ce8ec72aa7116122c350b4e7976bc5566dc3ddb579be1ceaacc727872eb4ed93926d
  languageName: node
  linkType: hard

"@nodelib/fs.walk@npm:^1.2.3":
  version: 1.2.8
  resolution: "@nodelib/fs.walk@npm:1.2.8"
  dependencies:
    "@nodelib/fs.scandir": 2.1.5
    fastq: ^1.6.0
  checksum: db9de047c3bb9b51f9335a7bb46f4fcfb6829fb628318c12115fbaf7d369bfce71c15b103d1fc3b464812d936220ee9bc1c8f762d032c9f6be9acc99249095b1
  languageName: node
  linkType: hard

"@octokit/app@npm:^13.0.5":
  version: 13.0.11
  resolution: "@octokit/app@npm:13.0.11"
  dependencies:
    "@octokit/auth-app": ^4.0.0
    "@octokit/auth-unauthenticated": ^3.0.0
    "@octokit/core": ^4.0.0
    "@octokit/oauth-app": ^4.0.7
    "@octokit/plugin-paginate-rest": ^5.0.0
    "@octokit/types": ^8.0.0
    "@octokit/webhooks": ^10.0.0
  checksum: 62c69b9be6739ecf3c1ece4bfae5b783452a1039c74cfd6bf9ad171c42bbe056218f3219b1992014d3c46d70fff38cc58ac3e3fbb3fdb4c0a50d6f8127f61085
  languageName: node
  linkType: hard

"@octokit/auth-app@npm:^4.0.0":
  version: 4.0.7
  resolution: "@octokit/auth-app@npm:4.0.7"
  dependencies:
    "@octokit/auth-oauth-app": ^5.0.0
    "@octokit/auth-oauth-user": ^2.0.0
    "@octokit/request": ^6.0.0
    "@octokit/request-error": ^3.0.0
    "@octokit/types": ^8.0.0
    "@types/lru-cache": ^5.1.0
    deprecation: ^2.3.1
    lru-cache: ^6.0.0
    universal-github-app-jwt: ^1.0.1
    universal-user-agent: ^6.0.0
  checksum: 57b5567f75d8d0d838d853983164dc30542af61fab0da4c537ec2278f5b10dbad27ac1950699b5433c8c5f950de4f30eab7870ef73235754aa5b968fea918dd7
  languageName: node
  linkType: hard

"@octokit/auth-oauth-app@npm:^5.0.0":
  version: 5.0.4
  resolution: "@octokit/auth-oauth-app@npm:5.0.4"
  dependencies:
    "@octokit/auth-oauth-device": ^4.0.0
    "@octokit/auth-oauth-user": ^2.0.0
    "@octokit/request": ^6.0.0
    "@octokit/types": ^8.0.0
    "@types/btoa-lite": ^1.0.0
    btoa-lite: ^1.0.0
    universal-user-agent: ^6.0.0
  checksum: fd0938dd397626083dbc2891fb89be095b7fa06427fcc8d1c43961c2bd7ce8afd8e9e25897ff20cc993ad01d96336b930bbc8164153c758309e7f5715ac72775
  languageName: node
  linkType: hard

"@octokit/auth-oauth-device@npm:^4.0.0":
  version: 4.0.3
  resolution: "@octokit/auth-oauth-device@npm:4.0.3"
  dependencies:
    "@octokit/oauth-methods": ^2.0.0
    "@octokit/request": ^6.0.0
    "@octokit/types": ^8.0.0
    universal-user-agent: ^6.0.0
  checksum: 6a33b8d86a29db4a201c8934cc47ede5d15b62fd1bf5a846796c70f705c4cf01594cb7c3e694e21038c97ef1f2c3e7d663f565dd9f51d3e4f85eb29931501148
  languageName: node
  linkType: hard

"@octokit/auth-oauth-user@npm:^2.0.0":
  version: 2.0.4
  resolution: "@octokit/auth-oauth-user@npm:2.0.4"
  dependencies:
    "@octokit/auth-oauth-device": ^4.0.0
    "@octokit/oauth-methods": ^2.0.0
    "@octokit/request": ^6.0.0
    "@octokit/types": ^8.0.0
    btoa-lite: ^1.0.0
    universal-user-agent: ^6.0.0
  checksum: c7933795c6d44d20d3b1a8d730ba02f6a5713800e3e29df4cb09dc24d0e2bb89e82fc366282c6e314b5eb70c811ab5f878f1763c81a71513185c91bc2646afac
  languageName: node
  linkType: hard

"@octokit/auth-token@npm:^3.0.0":
  version: 3.0.2
  resolution: "@octokit/auth-token@npm:3.0.2"
  dependencies:
    "@octokit/types": ^8.0.0
  checksum: cfd67ae90bd0e6c2d376ddae48500f42cf7cb563ecda2f3cb9ea065b974fe3d8dbd75455ff5f46b62325a234349e5caf40fe006b6430f6893e1ece105b3476c6
  languageName: node
  linkType: hard

"@octokit/auth-unauthenticated@npm:^3.0.0":
  version: 3.0.3
  resolution: "@octokit/auth-unauthenticated@npm:3.0.3"
  dependencies:
    "@octokit/request-error": ^3.0.0
    "@octokit/types": ^8.0.0
  checksum: 10fb375ef659ec9cd12106305e94f1d097c7cdde004a80e384233fdf61cfa708551fabba14d4ae73bb6ce20f0fbd0d223a997703aafb6eb613a929cf233aa1ab
  languageName: node
  linkType: hard

"@octokit/core@npm:^4.0.0, @octokit/core@npm:^4.0.4":
  version: 4.1.0
  resolution: "@octokit/core@npm:4.1.0"
  dependencies:
    "@octokit/auth-token": ^3.0.0
    "@octokit/graphql": ^5.0.0
    "@octokit/request": ^6.0.0
    "@octokit/request-error": ^3.0.0
    "@octokit/types": ^8.0.0
    before-after-hook: ^2.2.0
    universal-user-agent: ^6.0.0
  checksum: eba3a1c9b54f6a1933c4695d856f8c390b207d17874420d33b31c53ecebd12d0155bf447e35228f1a5a9dfbd0e8f8aa421cb5ecd5cc3445cce58d5489429c435
  languageName: node
  linkType: hard

"@octokit/endpoint@npm:^7.0.0":
  version: 7.0.3
  resolution: "@octokit/endpoint@npm:7.0.3"
  dependencies:
    "@octokit/types": ^8.0.0
    is-plain-object: ^5.0.0
    universal-user-agent: ^6.0.0
  checksum: e592d889d8cc290dc8858162e342328373b241e236561ed559f1632b993e1facfe8793d36106d5c0a1ac5e3f340b4e69a32519e801a7415e06a4ed419dac08bd
  languageName: node
  linkType: hard

"@octokit/graphql@npm:^5.0.0":
  version: 5.0.4
  resolution: "@octokit/graphql@npm:5.0.4"
  dependencies:
    "@octokit/request": ^6.0.0
    "@octokit/types": ^8.0.0
    universal-user-agent: ^6.0.0
  checksum: 460ff26a16c5dd5121791cd824a1a997b2b1731ac2a10e941e6306b6f2f7046659bf55f689c96883aac01ddd476ed92c6b6b85dd2746cd6ed9f0ad908b4b4dd5
  languageName: node
  linkType: hard

"@octokit/oauth-app@npm:^4.0.6, @octokit/oauth-app@npm:^4.0.7":
  version: 4.1.0
  resolution: "@octokit/oauth-app@npm:4.1.0"
  dependencies:
    "@octokit/auth-oauth-app": ^5.0.0
    "@octokit/auth-oauth-user": ^2.0.0
    "@octokit/auth-unauthenticated": ^3.0.0
    "@octokit/core": ^4.0.0
    "@octokit/oauth-authorization-url": ^5.0.0
    "@octokit/oauth-methods": ^2.0.0
    "@types/aws-lambda": ^8.10.83
    fromentries: ^1.3.1
    universal-user-agent: ^6.0.0
  checksum: e5694b7bda1a780e2e2d8ca94ebef60026274cbe4e4ad846bd420a610e979c3fe61ebcd0819c428cabb5af667b388fbbd2e223615b4511c105d44f5a53b8327c
  languageName: node
  linkType: hard

"@octokit/oauth-authorization-url@npm:^5.0.0":
  version: 5.0.0
  resolution: "@octokit/oauth-authorization-url@npm:5.0.0"
  checksum: f9059cc070a06a276c43adfd106f995883c4ac846f00f0fef9218c2675355d7321cf9e8f83855574ba5104f37bc06a599a4c3e5edc3dc07714d9c9f4d34a47e2
  languageName: node
  linkType: hard

"@octokit/oauth-methods@npm:^2.0.0":
  version: 2.0.4
  resolution: "@octokit/oauth-methods@npm:2.0.4"
  dependencies:
    "@octokit/oauth-authorization-url": ^5.0.0
    "@octokit/request": ^6.0.0
    "@octokit/request-error": ^3.0.0
    "@octokit/types": ^8.0.0
    btoa-lite: ^1.0.0
  checksum: a3b3173569ac72c726fc98542b1538156e7a51e78fcea0f9f776da26b3cba5f722edcc89ccc1def228be664f8edf71dd706686cbb952508930584a5cbe0b01c0
  languageName: node
  linkType: hard

"@octokit/openapi-types@npm:^12.11.0":
  version: 12.11.0
  resolution: "@octokit/openapi-types@npm:12.11.0"
  checksum: b3bb3684d9686ef948d8805ab56f85818f36e4cb64ef97b8e48dc233efefef22fe0bddd9da705fb628ea618a1bebd62b3d81b09a3f7dce9522f124d998041896
  languageName: node
  linkType: hard

"@octokit/openapi-types@npm:^13.11.0":
  version: 13.13.1
  resolution: "@octokit/openapi-types@npm:13.13.1"
  checksum: a5ff1c499c5cdc2fc6239878f7e562ec7e948c809c7c54b911d96b6125a2b85b36c650df1add884a02714a09634658a332b197da3815d16b1b63bdbfffb754a4
  languageName: node
  linkType: hard

"@octokit/openapi-types@npm:^14.0.0":
  version: 14.0.0
  resolution: "@octokit/openapi-types@npm:14.0.0"
  checksum: d122bbfd4997ea7e056c7fcf5b3240982b5b090b816671eca01829ac5ce19d2a19f6da35d126ae19a956a4203c68302d8fb33d5c00c77996b4e4a746878ea589
  languageName: node
  linkType: hard

"@octokit/plugin-paginate-rest@npm:^4.0.0":
  version: 4.3.1
  resolution: "@octokit/plugin-paginate-rest@npm:4.3.1"
  dependencies:
    "@octokit/types": ^7.5.0
  peerDependencies:
    "@octokit/core": ">=4"
  checksum: bce5a26939b5578d32d8fa05e1d22a5b95b83ba34cdc4f9004bde2d549f74b528ccef7ca66aad380087223fc1e5377d22669d8a1eac3248d7bdcba15d2cf85c4
  languageName: node
  linkType: hard

"@octokit/plugin-paginate-rest@npm:^5.0.0":
  version: 5.0.1
  resolution: "@octokit/plugin-paginate-rest@npm:5.0.1"
  dependencies:
    "@octokit/types": ^8.0.0
  peerDependencies:
    "@octokit/core": ">=4"
  checksum: a6754bfa3c6e3b917f1b03266e90e96ba97957e3ca15b1cc5a306cebc8ef96f1757fe85d8fade41b4c0e7e3805c753e94d360375f2ec9fa96b1fec79b239a662
  languageName: node
  linkType: hard

"@octokit/plugin-rest-endpoint-methods@npm:^6.0.0":
  version: 6.7.0
  resolution: "@octokit/plugin-rest-endpoint-methods@npm:6.7.0"
  dependencies:
    "@octokit/types": ^8.0.0
    deprecation: ^2.3.1
  peerDependencies:
    "@octokit/core": ">=3"
  checksum: 4f6290cb405ad0a8e9f149a259836ef1bd2d82670571a108c613385e4fde1f940c265fa7047441f234f7b659934545a22b9feaba2b0ca5abeeeef94b7fc2859b
  languageName: node
  linkType: hard

"@octokit/plugin-retry@npm:^3.0.9":
  version: 3.0.9
  resolution: "@octokit/plugin-retry@npm:3.0.9"
  dependencies:
    "@octokit/types": ^6.0.3
    bottleneck: ^2.15.3
  checksum: ea097c3b6fe507f45c71237463b4a4e0397b4175b5422528184d7d8a1ed9bf1dcb34f58ce10ec1f7ba8dfd173a221324206af7fa5bf5d2c322566412dfbe289d
  languageName: node
  linkType: hard

"@octokit/plugin-throttling@npm:^4.0.1":
  version: 4.3.2
  resolution: "@octokit/plugin-throttling@npm:4.3.2"
  dependencies:
    "@octokit/types": ^8.0.0
    bottleneck: ^2.15.3
  peerDependencies:
    "@octokit/core": ^4.0.0
  checksum: 5891c75694a87ef1bb5d5ba599cafd534c9fa4bb6ea665be1fb0931fdbd03312b92368330bcb34a16eb5e5b5df445742854f4f4fae326ee6d49f16e74d72fd33
  languageName: node
  linkType: hard

"@octokit/request-error@npm:^3.0.0":
  version: 3.0.2
  resolution: "@octokit/request-error@npm:3.0.2"
  dependencies:
    "@octokit/types": ^8.0.0
    deprecation: ^2.0.0
    once: ^1.4.0
  checksum: 88962e8373f41513d8e101f1232c50f63933e4fd5c27f6739aca648ff8c517e82e885fa444c1153f01fd7c974c34ce680682226813b914c6b42eb14e3068b950
  languageName: node
  linkType: hard

"@octokit/request@npm:^6.0.0":
  version: 6.2.2
  resolution: "@octokit/request@npm:6.2.2"
  dependencies:
    "@octokit/endpoint": ^7.0.0
    "@octokit/request-error": ^3.0.0
    "@octokit/types": ^8.0.0
    is-plain-object: ^5.0.0
    node-fetch: ^2.6.7
    universal-user-agent: ^6.0.0
  checksum: d89acdbeaaf9a8177a5eb75f83f2fecd0253a74753a403eb68b13561df32ed14d8f1c34bf65000e805d330d87e1d29ed0769d37c96ce981091e835ae7cd506a0
  languageName: node
  linkType: hard

"@octokit/types@npm:^6.0.3":
  version: 6.41.0
  resolution: "@octokit/types@npm:6.41.0"
  dependencies:
    "@octokit/openapi-types": ^12.11.0
  checksum: 81cfa58e5524bf2e233d75a346e625fd6e02a7b919762c6ddb523ad6fb108943ef9d34c0298ff3c5a44122e449d9038263bc22959247fd6ff8894a48888ac705
  languageName: node
  linkType: hard

"@octokit/types@npm:^7.5.0":
  version: 7.5.1
  resolution: "@octokit/types@npm:7.5.1"
  dependencies:
    "@octokit/openapi-types": ^13.11.0
  checksum: eeeb665a5a117a730b6f9bb8d880d521684e41203baec3ecc5fe57269a0930d19de27408009471f8cac4f729b22c73de933ace20752518c3a41ffb377fc9d3d9
  languageName: node
  linkType: hard

"@octokit/types@npm:^8.0.0":
  version: 8.0.0
  resolution: "@octokit/types@npm:8.0.0"
  dependencies:
    "@octokit/openapi-types": ^14.0.0
  checksum: 2c51b30f7f48c8a51e8aa9c932bd0fb7c6746b4e5b154299e3d462180f5642d4ce1cc19d92a64a7bd1b1b3df09a0c3af416940c81b269ddcad51c834464af731
  languageName: node
  linkType: hard

"@octokit/webhooks-methods@npm:^3.0.0":
  version: 3.0.1
  resolution: "@octokit/webhooks-methods@npm:3.0.1"
  checksum: f741adb2b6c964909fe92b350bc866b16782dd5271840d88a992568c59f711145b72583162a962532626004168a2af6f148c48b3ccaf99919d19c313a3161f54
  languageName: node
  linkType: hard

"@octokit/webhooks-types@npm:6.6.0":
  version: 6.6.0
  resolution: "@octokit/webhooks-types@npm:6.6.0"
  checksum: 5c5e0523c6869f6a72a1b3bc661e90dc1a443441b73e5c555674f43c0237c28d46bce58b3ae85127c92d12aa73e40bf8ac12d2b5108f186aa2beead08138a437
  languageName: node
  linkType: hard

"@octokit/webhooks@npm:^10.0.0":
  version: 10.3.1
  resolution: "@octokit/webhooks@npm:10.3.1"
  dependencies:
    "@octokit/request-error": ^3.0.0
    "@octokit/webhooks-methods": ^3.0.0
    "@octokit/webhooks-types": 6.6.0
    aggregate-error: ^3.1.0
  checksum: 3f3246d4abb7193b96b4a07daa6971c2be58df418ddbf718440b448de5cb903ce8bec888a8a7d502ccf61c5b68253c9849a8fb213bb2e6f3ad889be256f82c58
  languageName: node
  linkType: hard

"@types/aws-lambda@npm:^8.10.83":
  version: 8.10.109
  resolution: "@types/aws-lambda@npm:8.10.109"
  checksum: 3ffb8d4ddcfc11849cf2234c063a68043e8193d2e12926938fc9b0745f45ae544222f114b8fb978aec5ce2a00e69dbdf8136f11ffbbeec7c024e692df2b454a3
  languageName: node
  linkType: hard

"@types/btoa-lite@npm:^1.0.0":
  version: 1.0.0
  resolution: "@types/btoa-lite@npm:1.0.0"
  checksum: ab354cfa11b683fcc97c66cd2199b0a630b771dc13e3f98783c9f15beba3bdf031b9925c924252473888da3737a07dec93971226e0310354e58f9e64a03a102f
  languageName: node
  linkType: hard

"@types/fs-extra@npm:^9.0.13":
  version: 9.0.13
  resolution: "@types/fs-extra@npm:9.0.13"
  dependencies:
    "@types/node": "*"
  checksum: 576d4e9d382393316ed815c593f7f5c157408ec5e184521d077fcb15d514b5a985245f153ef52142b9b976cb9bd8f801850d51238153ebd0dc9e96b7a7548588
  languageName: node
  linkType: hard

"@types/jsonwebtoken@npm:^8.3.3":
  version: 8.5.9
  resolution: "@types/jsonwebtoken@npm:8.5.9"
  dependencies:
    "@types/node": "*"
  checksum: 4374b0f1b5641d1dd8847fa6f50bd34ec215f3244ea045556d2caa74ed559b2571502db73526bb8fbff038a60ff7e6bf56ffa79679c0b03539b55fda32617a23
  languageName: node
  linkType: hard

"@types/lru-cache@npm:^5.1.0":
  version: 5.1.1
  resolution: "@types/lru-cache@npm:5.1.1"
  checksum: 1f17ec9b202c01a89337cc5528198a690be6b61a6688242125fbfb7fa17770e453e00e4685021abf5ae605860ca0722209faac5c254b780d0104730bb0b9e354
  languageName: node
  linkType: hard

"@types/minimist@npm:^1.2.2":
  version: 1.2.2
  resolution: "@types/minimist@npm:1.2.2"
  checksum: f220f57f682bbc3793dab4518f8e2180faa79d8e2589c79614fd777d7182be203ba399020c3a056a115064f5d57a065004a32b522b2737246407621681b24137
  languageName: node
  linkType: hard

"@types/node@npm:*, @types/node@npm:^18.7.20":
  version: 18.11.9
  resolution: "@types/node@npm:18.11.9"
  checksum: aeaa925406f841c41679b32def9391a9892171e977105e025050e9f66e2830b4c50d0d974a1af0077ead3337a1f3bdf49ee7e7f402ebf2e034a3f97d9d240dba
  languageName: node
  linkType: hard

"@types/prompts@npm:2.4.1":
  version: 2.4.1
  resolution: "@types/prompts@npm:2.4.1"
  dependencies:
    "@types/node": "*"
  checksum: e00281339b716d7635ab0dc5f52f9a012daca9ed21346887fa1def85febfd16e937908d62602a34158eb613f6738ac15b85f3012f9993c0664a8f368385f6109
  languageName: node
  linkType: hard

"@types/ps-tree@npm:^1.1.2":
  version: 1.1.2
  resolution: "@types/ps-tree@npm:1.1.2"
  checksum: d43d5ac375886c37b11f54254578925ff07093b07326898d34eec744bf5721b61b7f3f743b2337e7157a368bb39166e679f26d464620371a0d232509f7f9ac99
  languageName: node
  linkType: hard

"@types/which@npm:^2.0.1":
  version: 2.0.1
  resolution: "@types/which@npm:2.0.1"
  checksum: 70bdcc57ef4cad876d05def62dbec098cdb3f09c708568e5bba97e6c7a5f1814653da04140720d5e45246cb0db4dad37e64c010987aa20cfe72329db4219415b
  languageName: node
  linkType: hard

"aggregate-error@npm:^3.1.0":
  version: 3.1.0
  resolution: "aggregate-error@npm:3.1.0"
  dependencies:
    clean-stack: ^2.0.0
    indent-string: ^4.0.0
  checksum: a42f67faa79e3e6687a4923050e7c9807db3848a037076f791d10e092677d65c1d2d863b7848560699f40fc0502c19f40963fb1cd1fb3d338a7423df8e45e039
  languageName: node
  linkType: hard

"ansi-align@npm:^3.0.0":
  version: 3.0.1
  resolution: "ansi-align@npm:3.0.1"
  dependencies:
    string-width: ^4.1.0
  checksum: ad8b755a253a1bc8234eb341e0cec68a857ab18bf97ba2bda529e86f6e30460416523e0ec58c32e5c21f0ca470d779503244892873a5895dbd0c39c788e82467
  languageName: node
  linkType: hard

"ansi-regex@npm:^5.0.1":
  version: 5.0.1
  resolution: "ansi-regex@npm:5.0.1"
  checksum: 9a64bb8627b434ba9327b60c027742e5d17ac69277960d041898596271d992d4d52ba7267a63ca10232e29f6107fc8a835f6ce8d719b88c5f8493f8254813737
  languageName: node
  linkType: hard

"ansi-styles@npm:^4.0.0, ansi-styles@npm:^4.1.0":
  version: 4.3.0
  resolution: "ansi-styles@npm:4.3.0"
  dependencies:
    color-convert: ^2.0.1
  checksum: 895a23929da416f2bd3de7e9cb4eabd340949328ab85ddd6e484a637d8f6820d485f53933446f5291c3b760cbc488beb8e88573dd0f9c7daf83dccc8fe81b041
  languageName: node
  linkType: hard

"before-after-hook@npm:^2.2.0":
  version: 2.2.3
  resolution: "before-after-hook@npm:2.2.3"
  checksum: 0488c4ae12df758ca9d49b3bb27b47fd559677965c52cae7b335784724fb8bf96c42b6e5ba7d7afcbc31facb0e294c3ef717cc41c5bc2f7bd9e76f8b90acd31c
  languageName: node
  linkType: hard

"bottleneck@npm:^2.15.3":
  version: 2.19.5
  resolution: "bottleneck@npm:2.19.5"
  checksum: b0f72e45b2e0f56a21ba720183f16bef8e693452fb0495d997fa354e42904353a94bd8fd429868e6751bc85e54b6755190519eed5a0ae0a94a5185209ae7c6d0
  languageName: node
  linkType: hard

"boxen@npm:5.1.2":
  version: 5.1.2
  resolution: "boxen@npm:5.1.2"
  dependencies:
    ansi-align: ^3.0.0
    camelcase: ^6.2.0
    chalk: ^4.1.0
    cli-boxes: ^2.2.1
    string-width: ^4.2.2
    type-fest: ^0.20.2
    widest-line: ^3.1.0
    wrap-ansi: ^7.0.0
  checksum: 71f31c2eb3dcacd5fce524ae509e0cc90421752e0bfbd0281fd3352871d106c462a0f810c85f2fdb02f3a9fab2d7a84e9718b4999384d651b76104ebe5d2c024
  languageName: node
  linkType: hard

"braces@npm:^3.0.2":
  version: 3.0.2
  resolution: "braces@npm:3.0.2"
  dependencies:
    fill-range: ^7.0.1
  checksum: 321b4d675791479293264019156ca322163f02dc06e3c4cab33bb15cd43d80b51efef69b0930cfde3acd63d126ebca24cd0544fa6f261e093a0fb41ab9dda381
  languageName: node
  linkType: hard

"btoa-lite@npm:^1.0.0":
  version: 1.0.0
  resolution: "btoa-lite@npm:1.0.0"
  checksum: 7a4f0568ae3c915464650f98fde7901ae07b13a333a614515a0c86876b3528670fafece28dfef9745d971a613bb83341823afb0c20c6f318b384c1e364b9eb95
  languageName: node
  linkType: hard

"buffer-equal-constant-time@npm:1.0.1":
  version: 1.0.1
  resolution: "buffer-equal-constant-time@npm:1.0.1"
  checksum: fb2294e64d23c573d0dd1f1e7a466c3e978fe94a4e0f8183937912ca374619773bef8e2aceb854129d2efecbbc515bbd0cc78d2734a3e3031edb0888531bbc8e
  languageName: node
  linkType: hard

"camelcase@npm:^6.2.0":
  version: 6.3.0
  resolution: "camelcase@npm:6.3.0"
  checksum: 0d701658219bd3116d12da3eab31acddb3f9440790c0792e0d398f0a520a6a4058018e546862b6fba89d7ae990efaeb97da71e1913e9ebf5a8b5621a3d55c710
  languageName: node
  linkType: hard

"chalk@npm:^4.1.0":
  version: 4.1.2
  resolution: "chalk@npm:4.1.2"
  dependencies:
    ansi-styles: ^4.1.0
    supports-color: ^7.1.0
  checksum: 4a3fef5cc34975c898ffe77141450f679721df9dde00f6c304353fa9c8b571929123b26a0e4617bde5018977eb655b31970c297b91b63ee83bb82aeb04666880
  languageName: node
  linkType: hard

"chalk@npm:^5.0.1":
  version: 5.1.2
  resolution: "chalk@npm:5.1.2"
  checksum: 7ce3d213b339ae54322e0b15f82967f01ed36bcd261fdf021a7dd3ebaf48f27f1d3dcc7af898acee73e19fd0caa52006325b12e229af76087ae7a87978f06751
  languageName: node
  linkType: hard

"clean-stack@npm:^2.0.0":
  version: 2.2.0
  resolution: "clean-stack@npm:2.2.0"
  checksum: 1f90262d5f6230a17e27d0c190b09d47ebe7efdd76a03b5a1127863f7b3c9aec4c3e6c8bb3a7bbf81d553d56a1fd35728f5a8ef4c63f867ac8d690109742a8c1
  languageName: node
  linkType: hard

"cli-boxes@npm:^2.2.1":
  version: 2.2.1
  resolution: "cli-boxes@npm:2.2.1"
  checksum: 6111352edbb2f62dbc7bfd58f2d534de507afed7f189f13fa894ce5a48badd94b2aa502fda28f1d7dd5f1eb456e7d4033d09a76660013ef50c7f66e7a034f050
  languageName: node
  linkType: hard

"cliui@npm:^8.0.1":
  version: 8.0.1
  resolution: "cliui@npm:8.0.1"
  dependencies:
    string-width: ^4.2.0
    strip-ansi: ^6.0.1
    wrap-ansi: ^7.0.0
  checksum: 4bda0f09c340cbb6dfdc1ed508b3ca080f12992c18d68c6be4d9cf51756033d5266e61ec57529e610dacbf4da1c634423b0c1b11037709cc6b09045cbd815df5
  languageName: node
  linkType: hard

"color-convert@npm:^2.0.1":
  version: 2.0.1
  resolution: "color-convert@npm:2.0.1"
  dependencies:
    color-name: ~1.1.4
  checksum: 37e1150172f2e311fe1b2df62c6293a342ee7380da7b9cfdba67ea539909afbd74da27033208d01d6d5cfc65ee7868a22e18d7e7648e004425441c0f8a15a7d7
  languageName: node
  linkType: hard

"color-name@npm:~1.1.4":
  version: 1.1.4
  resolution: "color-name@npm:1.1.4"
  checksum: a1a3f914156960902f46f7f56bc62effc6c94e84b2cae157a526b1c1f74b677a47ec602bf68a61abfa2b42d15b7c5651c6dbe72a43af720bc588dff885b10f95
  languageName: node
  linkType: hard

"data-uri-to-buffer@npm:^4.0.0":
  version: 4.0.0
  resolution: "data-uri-to-buffer@npm:4.0.0"
  checksum: 940461017d78a15a01c9a3f7ba964c634c7b4d6db5cbb2547dc3c743395abe3e6ba582f05b3c259b150bf3715558641255f89afb704d94859a8505871d07618f
  languageName: node
  linkType: hard

"deprecation@npm:^2.0.0, deprecation@npm:^2.3.1":
  version: 2.3.1
  resolution: "deprecation@npm:2.3.1"
  checksum: 23d688ba66b74d09b908c40a76179418acbeeb0bfdf218c8075c58ad8d0c315130cb91aa3dffb623aa3a411a3569ce56c6460de6c8d69071c17fe6dd2442f032
  languageName: node
  linkType: hard

"dir-glob@npm:^3.0.1":
  version: 3.0.1
  resolution: "dir-glob@npm:3.0.1"
  dependencies:
    path-type: ^4.0.0
  checksum: dcac00920a4d503e38bb64001acb19df4efc14536ada475725e12f52c16777afdee4db827f55f13a908ee7efc0cb282e2e3dbaeeb98c0993dd93d1802d3bf00c
  languageName: node
  linkType: hard

"duplexer@npm:~0.1.1":
  version: 0.1.2
  resolution: "duplexer@npm:0.1.2"
  checksum: c57bcd4bdf7e623abab2df43a7b5b23d18152154529d166c1e0da6bee341d84c432d157d7e97b32fecb1bf3a8b8857dd85ed81a915789f550637ed25b8e64fc2
  languageName: node
  linkType: hard

"ecdsa-sig-formatter@npm:1.0.11":
  version: 1.0.11
  resolution: "ecdsa-sig-formatter@npm:1.0.11"
  dependencies:
    safe-buffer: ^5.0.1
  checksum: ebfbf19d4b8be938f4dd4a83b8788385da353d63307ede301a9252f9f7f88672e76f2191618fd8edfc2f24679236064176fab0b78131b161ee73daa37125408c
  languageName: node
  linkType: hard

"emoji-regex@npm:^8.0.0":
  version: 8.0.0
  resolution: "emoji-regex@npm:8.0.0"
  checksum: b6053ad39951c4cf338f9092d7bfba448cdfd46fe6a2a034700b149ac9ffbc137e361cbd3c442297f86bed2e5f7576c1b54cc0a6bf8ef5106cc62f496af35010
  languageName: node
  linkType: hard

"escalade@npm:^3.1.1":
  version: 3.1.1
  resolution: "escalade@npm:3.1.1"
  checksum: afd02e6ca91ffa813e1108b5e7756566173d6bc0d1eb951cb44d6b21702ec17c1cf116cfe75d4a2b02e05acb0b808a7a9387d0d1ca5cf9c04ad03a8445c3e46d
  languageName: node
  linkType: hard

"event-stream@npm:=3.3.4":
  version: 3.3.4
  resolution: "event-stream@npm:3.3.4"
  dependencies:
    duplexer: ~0.1.1
    from: ~0
    map-stream: ~0.1.0
    pause-stream: 0.0.11
    split: 0.3
    stream-combiner: ~0.0.4
    through: ~2.3.1
  checksum: c3ec4e1efc27ab3e73a98923f0a2fa9a19051b87068fea2f3d53d2e4e8c5cfdadf8c8a115b17f3d90b16a46432d396bad91b6e8d0cceb3e449be717a03b75209
  languageName: node
  linkType: hard

"fast-glob@npm:^3.2.11":
  version: 3.2.12
  resolution: "fast-glob@npm:3.2.12"
  dependencies:
    "@nodelib/fs.stat": ^2.0.2
    "@nodelib/fs.walk": ^1.2.3
    glob-parent: ^5.1.2
    merge2: ^1.3.0
    micromatch: ^4.0.4
  checksum: 08604fb8ef6442ce74068bef3c3104382bb1f5ab28cf75e4ee904662778b60ad620e1405e692b7edea598ef445f5d387827a965ba034e1892bf54b1dfde97f26
  languageName: node
  linkType: hard

"fastq@npm:^1.6.0":
  version: 1.13.0
  resolution: "fastq@npm:1.13.0"
  dependencies:
    reusify: ^1.0.4
  checksum: 76c7b5dafb93c7e74359a3e6de834ce7a7c2e3a3184050ed4cb652661de55cf8d4895178d8d3ccd23069395056c7bb15450660d38fb382ca88c142b22694d7c9
  languageName: node
  linkType: hard

"fetch-blob@npm:^3.1.2, fetch-blob@npm:^3.1.4":
  version: 3.2.0
  resolution: "fetch-blob@npm:3.2.0"
  dependencies:
    node-domexception: ^1.0.0
    web-streams-polyfill: ^3.0.3
  checksum: 60054bf47bfa10fb0ba6cb7742acec2f37c1f56344f79a70bb8b1c48d77675927c720ff3191fa546410a0442c998d27ab05e9144c32d530d8a52fbe68f843b69
  languageName: node
  linkType: hard

"fill-range@npm:^7.0.1":
  version: 7.0.1
  resolution: "fill-range@npm:7.0.1"
  dependencies:
    to-regex-range: ^5.0.1
  checksum: 7cdad7d426ffbaadf45aeb5d15ec675bbd77f7597ad5399e3d2766987ed20bda24d5fac64b3ee79d93276f5865608bb22344a26b9b1ae6c4d00bd94bf611623f
  languageName: node
  linkType: hard

"formdata-polyfill@npm:^4.0.10":
  version: 4.0.10
  resolution: "formdata-polyfill@npm:4.0.10"
  dependencies:
    fetch-blob: ^3.1.2
  checksum: 5392ec484f9ce0d5e0d52fb5a78e7486637d516179b0eb84d81389d7eccf9ca2f663079da56f761355c0a65792810e3b345dc24db9a8bbbcf24ef3c8c88570c6
  languageName: node
  linkType: hard

"from@npm:~0":
  version: 0.1.7
  resolution: "from@npm:0.1.7"
  checksum: 3aab5aea8fe8e1f12a5dee7f390d46a93431ce691b6222dcd5701c5d34378e51ca59b44967da1105a0f90fcdf5d7629d963d51e7ccd79827d19693bdcfb688d4
  languageName: node
  linkType: hard

"fromentries@npm:^1.3.1":
  version: 1.3.2
  resolution: "fromentries@npm:1.3.2"
  checksum: 63938819a86e39f490b0caa1f6b38b8ad04f41ccd2a1c144eb48a21f76e4dbc074bc62e97abb053c7c1f541ecc70cf0b8aaa98eed3fe02206db9b6f9bb9a6a47
  languageName: node
  linkType: hard

"fs-extra@npm:^10.1.0":
  version: 10.1.0
  resolution: "fs-extra@npm:10.1.0"
  dependencies:
    graceful-fs: ^4.2.0
    jsonfile: ^6.0.1
    universalify: ^2.0.0
  checksum: 5f579466e7109719d162a9249abbeffe7f426eb133ea486e020b89bc6d67a741134076bf439983f2eb79276ceaf6bd7b7c1e43c3fd67fe889863e69072fb0a5e
  languageName: node
  linkType: hard

"get-caller-file@npm:^2.0.5":
  version: 2.0.5
  resolution: "get-caller-file@npm:2.0.5"
  checksum: c6c7b60271931fa752aeb92f2b47e355eac1af3a2673f47c9589e8f8a41adc74d45551c1bc57b5e66a80609f10ffb72b6f575e4370d61cc3f7f3aaff01757cde
  languageName: node
  linkType: hard

"glob-parent@npm:^5.1.2":
  version: 5.1.2
  resolution: "glob-parent@npm:5.1.2"
  dependencies:
    is-glob: ^4.0.1
  checksum: cab87638e2112bee3f839ef5f6e0765057163d39c66be8ec1602f3823da4692297ad4e972de876ea17c44d652978638d2fd583c6713d0eb6591706825020c9ee
  languageName: node
  linkType: hard

"globby@npm:^13.1.2":
  version: 13.1.2
  resolution: "globby@npm:13.1.2"
  dependencies:
    dir-glob: ^3.0.1
    fast-glob: ^3.2.11
    ignore: ^5.2.0
    merge2: ^1.4.1
    slash: ^4.0.0
  checksum: 3366575f4de8862558bfd931cae2c7ed5192f8ce9488e4c65da5aadedcadae36f7625bd85ada77aad3ba93ca0627b424e53f07172f7d12e67eec419694357d33
  languageName: node
  linkType: hard

"graceful-fs@npm:^4.1.6, graceful-fs@npm:^4.2.0":
  version: 4.2.10
  resolution: "graceful-fs@npm:4.2.10"
  checksum: 4223a833e38e1d0d2aea630c2433cfb94ddc07dfc11d511dbd6be1d16688c5be848acc31f9a5d0d0ddbfb56d2ee5a6ae0278aceeb0ca6a13f27e06b9956fb952
  languageName: node
  linkType: hard

"has-flag@npm:^4.0.0":
  version: 4.0.0
  resolution: "has-flag@npm:4.0.0"
  checksum: 2e789c61b7888d66993e14e8331449e525ef42aac53c627cc53d1c3334e768bcb6abdc4f5f0de1478a25beec6f0bd62c7549058b7ac53e924040d4f301f02fd1
  languageName: node
  linkType: hard

"ignore@npm:^5.2.0":
  version: 5.2.0
  resolution: "ignore@npm:5.2.0"
  checksum: 7fb7b4c4c52c2555113ff968f8a83b8ac21b076282bfcb3f468c3fb429be69bd56222306c31de95dd452c647fc6ae24339b8047ebe3ef34c02591abfec58da01
  languageName: node
  linkType: hard

"indent-string@npm:^4.0.0":
  version: 4.0.0
  resolution: "indent-string@npm:4.0.0"
  checksum: 1e1904ddb0cb3d6cce7cd09e27a90184908b7a5d5c21b92e232c93579d314f0b83c246ffb035493d0504b1e9147ba2c9b21df0030f48673fba0496ecd698161f
  languageName: node
  linkType: hard

"is-extglob@npm:^2.1.1":
  version: 2.1.1
  resolution: "is-extglob@npm:2.1.1"
  checksum: 5487da35691fbc339700bbb2730430b07777a3c21b9ebaecb3072512dfd7b4ba78ac2381a87e8d78d20ea08affb3f1971b4af629173a6bf435ff8a4c47747912
  languageName: node
  linkType: hard

"is-fullwidth-code-point@npm:^3.0.0":
  version: 3.0.0
  resolution: "is-fullwidth-code-point@npm:3.0.0"
  checksum: bb11d825e049f38e04c06373a8d72782eee0205bda9d908cc550ccb3c59b99d750ff9537982e01733c1c94a58e35400661f57042158ff5e8f3e90cf936daf0fc
  languageName: node
  linkType: hard

"is-glob@npm:^4.0.1":
  version: 4.0.3
  resolution: "is-glob@npm:4.0.3"
  dependencies:
    is-extglob: ^2.1.1
  checksum: 17fb4014e22be3bbecea9b2e3a76e9e34ff645466be702f1693e8f1ee1adac84710d0be0bd9f967d6354036fd51ab7c2741d954d6e91dae6bb69714de92c197a
  languageName: node
  linkType: hard

"is-number@npm:^7.0.0":
  version: 7.0.0
  resolution: "is-number@npm:7.0.0"
  checksum: b4686d0d3053146095ccd45346461bc8e53b80aeb7671cc52a4de02dbbf7dc0d1d2a986e2fe4ae206984b4d34ef37e8b795ebc4f4295c978373e6575e295d811
  languageName: node
  linkType: hard

"is-plain-object@npm:^5.0.0":
  version: 5.0.0
  resolution: "is-plain-object@npm:5.0.0"
  checksum: 893e42bad832aae3511c71fd61c0bf61aa3a6d853061c62a307261842727d0d25f761ce9379f7ba7226d6179db2a3157efa918e7fe26360f3bf0842d9f28942c
  languageName: node
  linkType: hard

"isexe@npm:^2.0.0":
  version: 2.0.0
  resolution: "isexe@npm:2.0.0"
  checksum: 228cfa503fadc2c31596ab06ed6aa82c9976eec2bfd83397e7eaf06d0ccf42cd1dfd6743bf9aeb01aebd4156d009994c5f76ea898d2832c1fe342da923ca457d
  languageName: node
  linkType: hard

"jsonfile@npm:^6.0.1":
  version: 6.1.0
  resolution: "jsonfile@npm:6.1.0"
  dependencies:
    graceful-fs: ^4.1.6
    universalify: ^2.0.0
  dependenciesMeta:
    graceful-fs:
      optional: true
  checksum: 4f95b5e8a5622b1e9e8f33c96b7ef3158122f595998114d1e7f03985649ea99cb3cd99ce1ed1831ae94c8c8543ab45ebd044207612f31a56fd08462140e46865
  languageName: node
  linkType: hard

"jsonwebtoken@npm:^8.5.1":
  version: 8.5.1
  resolution: "jsonwebtoken@npm:8.5.1"
  dependencies:
    jws: ^3.2.2
    lodash.includes: ^4.3.0
    lodash.isboolean: ^3.0.3
    lodash.isinteger: ^4.0.4
    lodash.isnumber: ^3.0.3
    lodash.isplainobject: ^4.0.6
    lodash.isstring: ^4.0.1
    lodash.once: ^4.0.0
    ms: ^2.1.1
    semver: ^5.6.0
  checksum: c5ad937b6fa23a230efa8ed8ca3c0da8ebfdd377bafc3e8432a11b03ef90e733400a00b26c0dfee47db44a2e64b88b154b57e9926a92990f98dd25aaed15006e
  languageName: node
  linkType: hard

"jwa@npm:^1.4.1":
  version: 1.4.1
  resolution: "jwa@npm:1.4.1"
  dependencies:
    buffer-equal-constant-time: 1.0.1
    ecdsa-sig-formatter: 1.0.11
    safe-buffer: ^5.0.1
  checksum: 5c533540bf38702e73cf14765805a94027c66a0aa8b16bc3e89d8d905e61a4ce2791e87e21be97d1293a5ee9d4f3e5e47737e671768265ca4f25706db551d5e9
  languageName: node
  linkType: hard

"jws@npm:^3.2.2":
  version: 3.2.2
  resolution: "jws@npm:3.2.2"
  dependencies:
    jwa: ^1.4.1
    safe-buffer: ^5.0.1
  checksum: e770704533d92df358adad7d1261fdecad4d7b66fa153ba80d047e03ca0f1f73007ce5ed3fbc04d2eba09ba6e7e6e645f351e08e5ab51614df1b0aa4f384dfff
  languageName: node
  linkType: hard

"kleur@npm:^3.0.3":
  version: 3.0.3
  resolution: "kleur@npm:3.0.3"
  checksum: cd3a0b8878e7d6d3799e54340efe3591ca787d9f95f109f28129bdd2915e37807bf8918bb295ab86afb8c82196beec5a1adcaf29042ce3f2bd932b038fe3aa4b
  languageName: node
  linkType: hard

"lodash.includes@npm:^4.3.0":
  version: 4.3.0
  resolution: "lodash.includes@npm:4.3.0"
  checksum: 7ca498b9b75bf602d04e48c0adb842dfc7d90f77bcb2a91a2b2be34a723ad24bc1c8b3683ec6b2552a90f216c723cdea530ddb11a3320e08fa38265703978f4b
  languageName: node
  linkType: hard

"lodash.isboolean@npm:^3.0.3":
  version: 3.0.3
  resolution: "lodash.isboolean@npm:3.0.3"
  checksum: 0aac604c1ef7e72f9a6b798e5b676606042401dd58e49f051df3cc1e3adb497b3d7695635a5cbec4ae5f66456b951fdabe7d6b387055f13267cde521f10ec7f7
  languageName: node
  linkType: hard

"lodash.isinteger@npm:^4.0.4":
  version: 4.0.4
  resolution: "lodash.isinteger@npm:4.0.4"
  checksum: 4c3e023a2373bf65bf366d3b8605b97ec830bca702a926939bcaa53f8e02789b6a176e7f166b082f9365bfec4121bfeb52e86e9040cb8d450e64c858583f61b7
  languageName: node
  linkType: hard

"lodash.isnumber@npm:^3.0.3":
  version: 3.0.3
  resolution: "lodash.isnumber@npm:3.0.3"
  checksum: 2d01530513a1ee4f72dd79528444db4e6360588adcb0e2ff663db2b3f642d4bb3d687051ae1115751ca9082db4fdef675160071226ca6bbf5f0c123dbf0aa12d
  languageName: node
  linkType: hard

"lodash.isplainobject@npm:^4.0.6":
  version: 4.0.6
  resolution: "lodash.isplainobject@npm:4.0.6"
  checksum: afd70b5c450d1e09f32a737bed06ff85b873ecd3d3d3400458725283e3f2e0bb6bf48e67dbe7a309eb371a822b16a26cca4a63c8c52db3fc7dc9d5f9dd324cbb
  languageName: node
  linkType: hard

"lodash.isstring@npm:^4.0.1":
  version: 4.0.1
  resolution: "lodash.isstring@npm:4.0.1"
  checksum: 09eaf980a283f9eef58ef95b30ec7fee61df4d6bf4aba3b5f096869cc58f24c9da17900febc8ffd67819b4e29de29793190e88dc96983db92d84c95fa85d1c92
  languageName: node
  linkType: hard

"lodash.once@npm:^4.0.0":
  version: 4.1.1
  resolution: "lodash.once@npm:4.1.1"
  checksum: 46a9a0a66c45dd812fcc016e46605d85ad599fe87d71a02f6736220554b52ffbe82e79a483ad40f52a8a95755b0d1077fba259da8bfb6694a7abbf4a48f1fc04
  languageName: node
  linkType: hard

"lru-cache@npm:^6.0.0":
  version: 6.0.0
  resolution: "lru-cache@npm:6.0.0"
  dependencies:
    yallist: ^4.0.0
  checksum: cb53e582785c48187d7a188d3379c181b5ca2a9c78d2bce3e7dee36f32761d1c42983da3fe12b55cb74e1779fa94cdc2e5367c028a9b35317184ede0c07a30a9
  languageName: node
  linkType: hard

"map-stream@npm:~0.1.0":
  version: 0.1.0
  resolution: "map-stream@npm:0.1.0"
  checksum: 7dd6debe511c1b55d9da75e1efa65a28b1252a2d8357938d2e49b412713c478efbaefb0cdf0ee0533540c3bf733e8f9f71e1a15aa0fe74bf71b64e75bf1576bd
  languageName: node
  linkType: hard

"merge2@npm:^1.3.0, merge2@npm:^1.4.1":
  version: 1.4.1
  resolution: "merge2@npm:1.4.1"
  checksum: 254a8a4605b58f450308fc474c82ac9a094848081bf4c06778200207820e5193726dc563a0d2c16468810516a5c97d9d3ea0ca6585d23c58ccfff2403e8dbbeb
  languageName: node
  linkType: hard

"micromatch@npm:^4.0.4":
  version: 4.0.5
  resolution: "micromatch@npm:4.0.5"
  dependencies:
    braces: ^3.0.2
    picomatch: ^2.3.1
  checksum: 3d6505b20f9fa804af5d8c596cb1c5e475b9b0cd05f652c5b56141cf941bd72adaeb7a436fda344235cef93a7f29b7472efc779fcdb83b478eab0867b95cdeff
  languageName: node
  linkType: hard

"minimist@npm:^1.2.6":
  version: 1.2.7
  resolution: "minimist@npm:1.2.7"
  checksum: 8808da67ca50ee19ab2d69051d77ee78572e67297fd8a1635ecc757a15106ccdfb5b8c4d11d84750120142f1684e5329a141295728c755e5d149eedd73cc6572
  languageName: node
  linkType: hard

"ms@npm:^2.1.1":
  version: 2.1.3
  resolution: "ms@npm:2.1.3"
  checksum: d924b57e7312b3b63ad21fc5b3dc0af5e78d61a1fc7cfb5457edaf26326bf62be5307cc87ffb6862ef1c2b33b0233cdb5d4f01c4c958cc0d660948b65a287a48
  languageName: node
  linkType: hard

"node-domexception@npm:^1.0.0":
  version: 1.0.0
  resolution: "node-domexception@npm:1.0.0"
  checksum: 5e5d63cda29856402df9472335af4bb13875e1927ad3be861dc5ebde38917aecbf9ae337923777af52a48c426b70148815e890a5d72760f1b4d758cc671b1a2b
  languageName: node
  linkType: hard

"node-fetch@npm:3.2.10":
  version: 3.2.10
  resolution: "node-fetch@npm:3.2.10"
  dependencies:
    data-uri-to-buffer: ^4.0.0
    fetch-blob: ^3.1.4
    formdata-polyfill: ^4.0.10
  checksum: b9b754517df2dd55d16eaa6be681d277fe772ea0ac61e67ca4aef8f5154baf8581e2fd32c03cb8c5fdefa07dc24cafdb327b2033715edd9e4abc6883e20650c0
  languageName: node
  linkType: hard

"node-fetch@npm:^2.6.7":
  version: 2.6.7
  resolution: "node-fetch@npm:2.6.7"
  dependencies:
    whatwg-url: ^5.0.0
  peerDependencies:
    encoding: ^0.1.0
  peerDependenciesMeta:
    encoding:
      optional: true
  checksum: fcae80f5ac52fbf5012f5e19df2bd3915e67d3b3ad51cb5942943df2238d32ba15890fecabd0e166876a9f98a581ab50f3f10eb942b09405c49ef8da36b826c7
  languageName: node
  linkType: hard

"octokit@npm:2.0.8":
  version: 2.0.8
  resolution: "octokit@npm:2.0.8"
  dependencies:
    "@octokit/app": ^13.0.5
    "@octokit/core": ^4.0.4
    "@octokit/oauth-app": ^4.0.6
    "@octokit/plugin-paginate-rest": ^4.0.0
    "@octokit/plugin-rest-endpoint-methods": ^6.0.0
    "@octokit/plugin-retry": ^3.0.9
    "@octokit/plugin-throttling": ^4.0.1
    "@octokit/types": ^8.0.0
  checksum: 03b11cf6fa58691bba6647e4c1318c560cc575f14de5294160eb6e04662bc412e22ef5aed109c3488d2fc1611a704a89efc0050289b25f4b40afa26a1e43ba9a
  languageName: node
  linkType: hard

"once@npm:^1.4.0":
  version: 1.4.0
  resolution: "once@npm:1.4.0"
  dependencies:
    wrappy: 1
  checksum: 5d48aca287dfefabd756621c5dfce5c91a549a93e9fdb7b8246bc4c4790aa2ec17b34a260530474635147aeb631a2dcc8b32c613df0675f96041cbb8244517d0
  languageName: node
  linkType: hard

"path-type@npm:^4.0.0":
  version: 4.0.0
  resolution: "path-type@npm:4.0.0"
  checksum: 666f6973f332f27581371efaf303fd6c272cc43c2057b37aa99e3643158c7e4b2626549555d88626e99ea9e046f82f32e41bbde5f1508547e9a11b149b52387c
  languageName: node
  linkType: hard

"pause-stream@npm:0.0.11":
  version: 0.0.11
  resolution: "pause-stream@npm:0.0.11"
  dependencies:
    through: ~2.3
  checksum: 86f12c64cdaaa8e45ebaca4e39a478e1442db8b4beabc280b545bfaf79c0e2f33c51efb554aace5c069cc441c7b924ba484837b345eaa4ba6fc940d62f826802
  languageName: node
  linkType: hard

"picomatch@npm:^2.3.1":
  version: 2.3.1
  resolution: "picomatch@npm:2.3.1"
  checksum: 26c02b8d06f03206fc2ab8d16f19960f2ff9e81a658f831ecb656d8f17d9edc799e8364b1f4a7873e89d9702dff96204be0fa26fe4181f6843f040f819dac4be
  languageName: node
  linkType: hard

"prompts@npm:2.4.2":
  version: 2.4.2
  resolution: "prompts@npm:2.4.2"
  dependencies:
    kleur: ^3.0.3
    sisteransi: ^1.0.5
  checksum: 16f1ac2977b19fe2cf53f8411cc98db7a3c8b115c479b2ca5c82b5527cd937aa405fa04f9a5960abeb9daef53191b53b4d13e35c1f5d50e8718c76917c5f1ea4
  languageName: node
  linkType: hard

"ps-tree@npm:^1.2.0":
  version: 1.2.0
  resolution: "ps-tree@npm:1.2.0"
  dependencies:
    event-stream: =3.3.4
  bin:
    ps-tree: ./bin/ps-tree.js
  checksum: 9d1c159e0890db5aa05f84d125193c2190a6c4ecd457596fd25e7611f8f747292a846459dcc0244e27d45529d4cea6d1010c3a2a087fad02624d12fdb7d97c22
  languageName: node
  linkType: hard

"queue-microtask@npm:^1.2.2":
  version: 1.2.3
  resolution: "queue-microtask@npm:1.2.3"
  checksum: 900a93d3cdae3acd7d16f642c29a642aea32c2026446151f0778c62ac089d4b8e6c986811076e1ae180a694cedf077d453a11b58ff0a865629a4f82ab558e102
  languageName: node
  linkType: hard

"require-directory@npm:^2.1.1":
  version: 2.1.1
  resolution: "require-directory@npm:2.1.1"
  checksum: 83aa76a7bc1531f68d92c75a2ca2f54f1b01463cb566cf3fbc787d0de8be30c9dbc211d1d46be3497dac5785fe296f2dd11d531945ac29730643357978966e99
  languageName: node
  linkType: hard

"reusify@npm:^1.0.4":
  version: 1.0.4
  resolution: "reusify@npm:1.0.4"
  checksum: c19ef26e4e188f408922c46f7ff480d38e8dfc55d448310dfb518736b23ed2c4f547fb64a6ed5bdba92cd7e7ddc889d36ff78f794816d5e71498d645ef476107
  languageName: node
  linkType: hard

"root-workspace-0b6124@workspace:.":
  version: 0.0.0-use.local
  resolution: "root-workspace-0b6124@workspace:."
  dependencies:
    "@faker-js/faker": 7.6.0
    "@types/prompts": 2.4.1
    boxen: 5.1.2
    octokit: 2.0.8
    prompts: 2.4.2
    yargs: 17.6.2
    zx: 7.1.1
  languageName: unknown
  linkType: soft

"run-parallel@npm:^1.1.9":
  version: 1.2.0
  resolution: "run-parallel@npm:1.2.0"
  dependencies:
    queue-microtask: ^1.2.2
  checksum: 200b5ab25b5b8b7113f9901bfe3afc347e19bb7475b267d55ad0eb86a62a46d77510cb0f232507c9e5d497ebda569a08a9867d0d14f57a82ad5564d991588b39
  languageName: node
  linkType: hard

"safe-buffer@npm:^5.0.1":
  version: 5.2.1
  resolution: "safe-buffer@npm:5.2.1"
  checksum: 6501914237c0a86e9675d4e51d89ca3c21ffd6a31642efeba25ad65720bce6921c9e7e974e5be91a786b25aa058b5303285d3c15dbabf983a919f5f630d349f3
  languageName: node
  linkType: hard

"semver@npm:^5.6.0":
  version: 5.7.1
  resolution: "semver@npm:5.7.1"
  bin:
    semver: ./bin/semver
  checksum: d4884f2aeca28bff35d0bd40ff0a9b2dfc4b36a883bf0ea5dc15d10d9a01bdc9041035b05f825d4b5ac8a56e490703dbf0d986d054de82cc5e9bad3f02ca6e00
  languageName: node
  linkType: hard

"sisteransi@npm:^1.0.5":
  version: 1.0.5
  resolution: "sisteransi@npm:1.0.5"
  checksum: 230ac975cca485b7f6fe2b96a711aa62a6a26ead3e6fb8ba17c5a00d61b8bed0d7adc21f5626b70d7c33c62ff4e63933017a6462942c719d1980bb0b1207ad46
  languageName: node
  linkType: hard

"slash@npm:^4.0.0":
  version: 4.0.0
  resolution: "slash@npm:4.0.0"
  checksum: b522ca75d80d107fd30d29df0549a7b2537c83c4c4ecd12cd7d4ea6c8aaca2ab17ada002e7a1d78a9d736a0261509f26ea5b489082ee443a3a810586ef8eff18
  languageName: node
  linkType: hard

"split@npm:0.3":
  version: 0.3.3
  resolution: "split@npm:0.3.3"
  dependencies:
    through: 2
  checksum: 88c09b1b4de84953bf5d6c153123a1fbb20addfea9381f70d27b4eb6b2bfbadf25d313f8f5d3fd727d5679b97bfe54da04766b91010f131635bf49e51d5db3fc
  languageName: node
  linkType: hard

"stream-combiner@npm:~0.0.4":
  version: 0.0.4
  resolution: "stream-combiner@npm:0.0.4"
  dependencies:
    duplexer: ~0.1.1
  checksum: 8075a94c0eb0f20450a8236cb99d4ce3ea6e6a4b36d8baa7440b1a08cde6ffd227debadffaecd80993bd334282875d0e927ab5b88484625e01970dd251004ff5
  languageName: node
  linkType: hard

"string-width@npm:^4.0.0, string-width@npm:^4.1.0, string-width@npm:^4.2.0, string-width@npm:^4.2.2, string-width@npm:^4.2.3":
  version: 4.2.3
  resolution: "string-width@npm:4.2.3"
  dependencies:
    emoji-regex: ^8.0.0
    is-fullwidth-code-point: ^3.0.0
    strip-ansi: ^6.0.1
  checksum: 1e525e92e5eae0afd7454086eed9c818ee84374bb80328fc41217ae72ff5f065ef1c9d7f72da41de40c75fa8bb3dee63d92373fd492c84260a552c636392a47b
  languageName: node
  linkType: hard

"strip-ansi@npm:^6.0.0, strip-ansi@npm:^6.0.1":
  version: 6.0.1
  resolution: "strip-ansi@npm:6.0.1"
  dependencies:
    ansi-regex: ^5.0.1
  checksum: 1ae5f212a126fe5b167707f716942490e3933085a5ff6c008ab97ab2f272c8025d3aa218b7bd6ab25729ca20cc81cddb252102f8751e13482a5199e873680952
  languageName: node
  linkType: hard

"supports-color@npm:^7.1.0":
  version: 7.2.0
  resolution: "supports-color@npm:7.2.0"
  dependencies:
    has-flag: ^4.0.0
  checksum: afb4c88521b8b136b5f5f95160c98dee7243dc79d5432db7efc27efb219385bbc7d9427398e43dd6cc730a0f87d5085ce1652af7efbe391327bc0a7d0f7fc124
  languageName: node
  linkType: hard

"through@npm:2, through@npm:~2.3, through@npm:~2.3.1":
  version: 2.3.8
  resolution: "through@npm:2.3.8"
  checksum: 4b09f3774099de0d4df26d95c5821a62faee32c7e96fb1f4ebd54a2d7c11c57fe88b0a0d49cf375de5fee5ae6bf4eb56dbbf29d07366864e2ee805349970d3cc
  languageName: node
  linkType: hard

"to-regex-range@npm:^5.0.1":
  version: 5.0.1
  resolution: "to-regex-range@npm:5.0.1"
  dependencies:
    is-number: ^7.0.0
  checksum: 487988b0a19c654ff3e1961b87f471702e708fa8a8dd02a298ef16da7206692e8552a0250e8b3e8759270f62e9d8314616f6da274734d3b558b1fc7b7724e892
  languageName: node
  linkType: hard

"tr46@npm:~0.0.3":
  version: 0.0.3
  resolution: "tr46@npm:0.0.3"
  checksum: 047cb209a6b60c742f05c9d3ace8fa510bff609995c129a37ace03476a9b12db4dbf975e74600830ef0796e18882b2381fb5fb1f6b4f96b832c374de3ab91a11
  languageName: node
  linkType: hard

"type-fest@npm:^0.20.2":
  version: 0.20.2
  resolution: "type-fest@npm:0.20.2"
  checksum: dea9df45ea1f0aaa4e2d3bed3f9a0bfe9e5b2592bddb92eb1bf06e50bcf98dbb78189668cd8bc31a0511d3fc25539b4cd5c704497e53e93e2d40ca764b10bfc3
  languageName: node
  linkType: hard

"universal-github-app-jwt@npm:^1.0.1":
  version: 1.1.0
  resolution: "universal-github-app-jwt@npm:1.1.0"
  dependencies:
    "@types/jsonwebtoken": ^8.3.3
    jsonwebtoken: ^8.5.1
  checksum: 48d0b58527c32bb4dad8d165649a4674c9c6c6ee00f56a5358f8079e063b6fefbf9c014269ca69e1c92b9a299faec6a6fa6a1b2b0029468fd35d776786aa7dc3
  languageName: node
  linkType: hard

"universal-user-agent@npm:^6.0.0":
  version: 6.0.0
  resolution: "universal-user-agent@npm:6.0.0"
  checksum: ebeb0206963666c13bcf9ebc86d0577c7daed5870c05cd34d4972ee7a43b9ef20679baf2a8c83bf1b71d899bae67243ac4982d84ddaf9ba0355ff76595819961
  languageName: node
  linkType: hard

"universalify@npm:^2.0.0":
  version: 2.0.0
  resolution: "universalify@npm:2.0.0"
  checksum: 07092b9f46df61b823d8ab5e57f0ee5120c178b39609a95e4a15a98c42f6b0b8e834e66fbb47ff92831786193be42f1fd36347169b88ce8639d0f9670af24a71
  languageName: node
  linkType: hard

"web-streams-polyfill@npm:^3.0.3":
  version: 3.2.1
  resolution: "web-streams-polyfill@npm:3.2.1"
  checksum: 70ed6b5708e14afa2ab699221ea197d7c68ec0c8274bbe0181aecc5ba636ca27cbd383d2049f0eb9d529e738f5c088825502b317f3df24d18a278e4cc9a10e8b
  languageName: node
  linkType: hard

"webidl-conversions@npm:^3.0.0":
  version: 3.0.1
  resolution: "webidl-conversions@npm:3.0.1"
  checksum: 5612d5f3e54760a797052eb4927f0ddc01383550f542ccd33d5238cfd65aeed392a45ad38364970d0a0f4fea32e1f4d231b3d8dac4a3bdd385e5cf802ae097db
  languageName: node
  linkType: hard

"whatwg-url@npm:^5.0.0":
  version: 5.0.0
  resolution: "whatwg-url@npm:5.0.0"
  dependencies:
    tr46: ~0.0.3
    webidl-conversions: ^3.0.0
  checksum: 1588bed84d10b72d5eec1d0faa0722ba1962f1821e7539c535558fb5398d223b0c50d8acab950b8c488b4ba69043fd833cc2697056b167d8ad46fac3995a55d5
  languageName: node
  linkType: hard

"which@npm:^2.0.2":
  version: 2.0.2
  resolution: "which@npm:2.0.2"
  dependencies:
    isexe: ^2.0.0
  bin:
    node-which: ./bin/node-which
  checksum: 66522872a768b60c2a65a57e8ad184e5372f5b6a9ca6d5f033d4b0dc98aff63995655a7503b9c0a2598936f532120e81dd8cc155e2e92ed662a2b9377cc4374f
  languageName: node
  linkType: hard

"widest-line@npm:^3.1.0":
  version: 3.1.0
  resolution: "widest-line@npm:3.1.0"
  dependencies:
    string-width: ^4.0.0
  checksum: b1e623adcfb9df35350dd7fc61295d6d4a1eaa65a406ba39c4b8360045b614af95ad10e05abf704936ed022569be438c4bfa02d6d031863c4166a238c301119f
  languageName: node
  linkType: hard

"wrap-ansi@npm:^7.0.0":
  version: 7.0.0
  resolution: "wrap-ansi@npm:7.0.0"
  dependencies:
    ansi-styles: ^4.0.0
    string-width: ^4.1.0
    strip-ansi: ^6.0.0
  checksum: d15fc12c11e4cbc4044a552129ebc75ee3f57aa9c1958373a4db0292d72282f54373b536103987a4a7594db1ef6a4f10acf92978f79b98c49306a4b58c77d4da
  languageName: node
  linkType: hard

"wrappy@npm:1":
  version: 1.0.2
  resolution: "wrappy@npm:1.0.2"
  checksum: 56fece1a4018c6a6c8e28fbc88c87e0fbf4ea8fd64fc6c63b18f4acc4bd13e0ad2515189786dd2c30d3eec9663d70f4ecf699330002f8ccb547e4a18231fc9f0
  languageName: node
  linkType: hard

"y18n@npm:^5.0.5":
  version: 5.0.8
  resolution: "y18n@npm:5.0.8"
  checksum: 4df2842c36e468590c3691c894bc9cdbac41f520566e76e24f59401ba7d8b4811eb1e34524d57e54bc6d864bcb66baab7ffd9ca42bf1eda596618f9162b91249
  languageName: node
  linkType: hard

"yallist@npm:^4.0.0":
  version: 4.0.0
  resolution: "yallist@npm:4.0.0"
  checksum: 2286b5e8dbfe22204ab66e2ef5cc9bbb1e55dfc873bbe0d568aa943eb255d131890dfd5bf243637273d31119b870f49c18fcde2c6ffbb7a7a092b870dc90625a
  languageName: node
  linkType: hard

"yaml@npm:^2.1.1":
  version: 2.1.3
  resolution: "yaml@npm:2.1.3"
  checksum: 9910b534a4849ffba8ff1854e3bec7f1852e56c56771b22b28f78619ed504c14d8759bdbe7d0df397332d536db31f0df732d825809355d53de5603f233251aab
  languageName: node
  linkType: hard

"yargs-parser@npm:^21.1.1":
  version: 21.1.1
  resolution: "yargs-parser@npm:21.1.1"
  checksum: f84b5e48169479d2f402239c59f084cfd1c3acc197a05c59b98bab067452e6b3ea46d4dd8ba2985ba7b3d32a343d77df0debd6b343e5dae3da2aab2cdf5886b2
  languageName: node
  linkType: hard

"yargs@npm:17.6.2":
  version: 17.6.2
  resolution: "yargs@npm:17.6.2"
  dependencies:
    cliui: ^8.0.1
    escalade: ^3.1.1
    get-caller-file: ^2.0.5
    require-directory: ^2.1.1
    string-width: ^4.2.3
    y18n: ^5.0.5
    yargs-parser: ^21.1.1
  checksum: dd5c89aa8186d2a18625b26b68beb635df648617089135e9661107a92561056427bbd41dbfa228db5a7d968ea1043d96c036c2eb978acf7b61a0ae48bf3be206
  languageName: node
  linkType: hard

"zx@npm:7.1.1":
  version: 7.1.1
  resolution: "zx@npm:7.1.1"
  dependencies:
    "@types/fs-extra": ^9.0.13
    "@types/minimist": ^1.2.2
    "@types/node": ^18.7.20
    "@types/ps-tree": ^1.1.2
    "@types/which": ^2.0.1
    chalk: ^5.0.1
    fs-extra: ^10.1.0
    globby: ^13.1.2
    minimist: ^1.2.6
    node-fetch: 3.2.10
    ps-tree: ^1.2.0
    which: ^2.0.2
    yaml: ^2.1.1
  bin:
    zx: build/cli.js
  checksum: 831e028481ee83c53fd5c20f5663414f784f47ddf4bc0d3a58d7ffa09da53002adce70236ead5b81a02a51727a4ac07ce78344629d51cbab195c9c96897df944
  languageName: node
  linkType: hard
